
Microsoft Visual Studio Solution File, Format Version 12.00
# Visual Studio Version 17
VisualStudioVersion = 17.10.35013.160
MinimumVisualStudioVersion = 10.0.40219.1
Project("{9A19103F-16F7-4668-BE54-9A1E7A4F7556}") = "BlazorAuthentication", "BlazorAuthentication\BlazorAuthentication.csproj", "{FCF5AFCA-455C-45A5-9881-A7D2D27EE40D}"
EndProject
Global
	GlobalSection(SolutionConfigurationPlatforms) = preSolution
		Debug|Any CPU = Debug|Any CPU
		Release|Any CPU = Release|Any CPU
	EndGlobalSection
	GlobalSection(ProjectConfigurationPlatforms) = postSolution
		{FCF5AFCA-455C-45A5-9881-A7D2D27EE40D}.Debug|Any CPU.ActiveCfg = Debug|Any CPU
		{FCF5AFCA-455C-45A5-9881-A7D2D27EE40D}.Debug|Any CPU.Build.0 = Debug|Any CPU
		{FCF5AFCA-455C-45A5-9881-A7D2D27EE40D}.Release|Any CPU.ActiveCfg = Release|Any CPU
		{FCF5AFCA-455C-45A5-9881-A7D2D27EE40D}.Release|Any CPU.Build.0 = Release|Any CPU
	EndGlobalSection
	GlobalSection(SolutionProperties) = preSolution
		HideSolutionNode = FALSE
	EndGlobalSection
	GlobalSection(ExtensibilityGlobals) = postSolution
		SolutionGuid = {6F36313B-3973-40BA-8B8C-DB05315D5B7F}
	EndGlobalSection
EndGlobal
